
Microsoft Visual Studio Solution File, Format Version 12.00
# Visual Studio Version 16
VisualStudioVersion = 25.0.1705.4
MinimumVisualStudioVersion = 10.0.40219.1
Project("{FAE04EC0-301F-11D3-BF4B-00C04F79EFBC}") = "XamarinMapsAndroid", "XamarinMapsAndroid\XamarinMapsAndroid.csproj", "{AAD8F836-97FE-4CDF-A3DE-9F766C2C5D7F}"
EndProject
Project("{FAE04EC0-301F-11D3-BF4B-00C04F79EFBC}") = "XamarinMapsiOS", "XamarinMapsiOS\XamarinMapsiOS.csproj", "{126EC30C-BBDF-48DF-8986-332DF58B07D5}"
EndProject
Project("{FAE04EC0-301F-11D3-BF4B-00C04F79EFBC}") = "SharedCode", "sharedCodeXamarinMaps\SharedCode.csproj", "{E0A3E012-7F16-41F3-BDAB-2574BEE3DDDF}"
EndProject
Global
	GlobalSection(SolutionConfigurationPlatforms) = preSolution
		Debug|Any CPU = Debug|Any CPU
		Release|Any CPU = Release|Any CPU
		Debug|iPhoneSimulator = Debug|iPhoneSimulator
		Release|iPhoneSimulator = Release|iPhoneSimulator
		Debug|iPhone = Debug|iPhone
		Release|iPhone = Release|iPhone
	EndGlobalSection
	GlobalSection(ProjectConfigurationPlatforms) = postSolution
		{AAD8F836-97FE-4CDF-A3DE-9F766C2C5D7F}.Debug|Any CPU.ActiveCfg = Debug|Any CPU
		{AAD8F836-97FE-4CDF-A3DE-9F766C2C5D7F}.Debug|Any CPU.Build.0 = Debug|Any CPU
		{AAD8F836-97FE-4CDF-A3DE-9F766C2C5D7F}.Release|Any CPU.ActiveCfg = Release|Any CPU
		{AAD8F836-97FE-4CDF-A3DE-9F766C2C5D7F}.Release|Any CPU.Build.0 = Release|Any CPU
		{AAD8F836-97FE-4CDF-A3DE-9F766C2C5D7F}.Debug|iPhoneSimulator.ActiveCfg = Debug|Any CPU
		{AAD8F836-97FE-4CDF-A3DE-9F766C2C5D7F}.Debug|iPhoneSimulator.Build.0 = Debug|Any CPU
		{AAD8F836-97FE-4CDF-A3DE-9F766C2C5D7F}.Release|iPhoneSimulator.ActiveCfg = Release|Any CPU
		{AAD8F836-97FE-4CDF-A3DE-9F766C2C5D7F}.Release|iPhoneSimulator.Build.0 = Release|Any CPU
		{AAD8F836-97FE-4CDF-A3DE-9F766C2C5D7F}.Debug|iPhone.ActiveCfg = Debug|Any CPU
		{AAD8F836-97FE-4CDF-A3DE-9F766C2C5D7F}.Debug|iPhone.Build.0 = Debug|Any CPU
		{AAD8F836-97FE-4CDF-A3DE-9F766C2C5D7F}.Release|iPhone.ActiveCfg = Release|Any CPU
		{AAD8F836-97FE-4CDF-A3DE-9F766C2C5D7F}.Release|iPhone.Build.0 = Release|Any CPU
		{126EC30C-BBDF-48DF-8986-332DF58B07D5}.Debug|Any CPU.ActiveCfg = Debug|iPhoneSimulator
		{126EC30C-BBDF-48DF-8986-332DF58B07D5}.Debug|Any CPU.Build.0 = Debug|iPhoneSimulator
		{126EC30C-BBDF-48DF-8986-332DF58B07D5}.Release|Any CPU.ActiveCfg = Release|iPhoneSimulator
		{126EC30C-BBDF-48DF-8986-332DF58B07D5}.Release|Any CPU.Build.0 = Release|iPhoneSimulator
		{126EC30C-BBDF-48DF-8986-332DF58B07D5}.Debug|iPhoneSimulator.ActiveCfg = Debug|iPhoneSimulator
		{126EC30C-BBDF-48DF-8986-332DF58B07D5}.Debug|iPhoneSimulator.Build.0 = Debug|iPhoneSimulator
		{126EC30C-BBDF-48DF-8986-332DF58B07D5}.Release|iPhoneSimulator.ActiveCfg = Release|iPhoneSimulator
		{126EC30C-BBDF-48DF-8986-332DF58B07D5}.Release|iPhoneSimulator.Build.0 = Release|iPhoneSimulator
		{126EC30C-BBDF-48DF-8986-332DF58B07D5}.Debug|iPhone.ActiveCfg = Debug|iPhone
		{126EC30C-BBDF-48DF-8986-332DF58B07D5}.Debug|iPhone.Build.0 = Debug|iPhone
		{126EC30C-BBDF-48DF-8986-332DF58B07D5}.Release|iPhone.ActiveCfg = Release|iPhone
		{126EC30C-BBDF-48DF-8986-332DF58B07D5}.Release|iPhone.Build.0 = Release|iPhone
		{E0A3E012-7F16-41F3-BDAB-2574BEE3DDDF}.Debug|Any CPU.ActiveCfg = Debug|Any CPU
		{E0A3E012-7F16-41F3-BDAB-2574BEE3DDDF}.Debug|Any CPU.Build.0 = Debug|Any CPU
		{E0A3E012-7F16-41F3-BDAB-2574BEE3DDDF}.Release|Any CPU.ActiveCfg = Release|Any CPU
		{E0A3E012-7F16-41F3-BDAB-2574BEE3DDDF}.Release|Any CPU.Build.0 = Release|Any CPU
		{E0A3E012-7F16-41F3-BDAB-2574BEE3DDDF}.Debug|iPhoneSimulator.ActiveCfg = Debug|Any CPU
		{E0A3E012-7F16-41F3-BDAB-2574BEE3DDDF}.Debug|iPhoneSimulator.Build.0 = Debug|Any CPU
		{E0A3E012-7F16-41F3-BDAB-2574BEE3DDDF}.Release|iPhoneSimulator.ActiveCfg = Release|Any CPU
		{E0A3E012-7F16-41F3-BDAB-2574BEE3DDDF}.Release|iPhoneSimulator.Build.0 = Release|Any CPU
		{E0A3E012-7F16-41F3-BDAB-2574BEE3DDDF}.Debug|iPhone.ActiveCfg = Debug|Any CPU
		{E0A3E012-7F16-41F3-BDAB-2574BEE3DDDF}.Debug|iPhone.Build.0 = Debug|Any CPU
		{E0A3E012-7F16-41F3-BDAB-2574BEE3DDDF}.Release|iPhone.ActiveCfg = Release|Any CPU
		{E0A3E012-7F16-41F3-BDAB-2574BEE3DDDF}.Release|iPhone.Build.0 = Release|Any CPU
	EndGlobalSection
	GlobalSection(SolutionProperties) = preSolution
		HideSolutionNode = FALSE
	EndGlobalSection
	GlobalSection(ExtensibilityGlobals) = postSolution
		SolutionGuid = {FBF114DD-2BD1-479B-837F-4551970D45B7}
	EndGlobalSection
EndGlobal
